// !$*UTF8*$!
{
	archiveVersion = 1;
	classes = {
	};
	objectVersion = 56;
	objects = {

/* Begin PBXBuildFile section */
		D6FCF027297F3F1E00F3EEF7 /* JailedCementApp.swift in Sources */ = {isa = PBXBuildFile; fileRef = D6FCF026297F3F1E00F3EEF7 /* JailedCementApp.swift */; };
		D6FCF029297F3F1E00F3EEF7 /* ContentView.swift in Sources */ = {isa = PBXBuildFile; fileRef = D6FCF028297F3F1E00F3EEF7 /* ContentView.swift */; };
		D6FCF02B297F3F2700F3EEF7 /* Assets.xcassets in Resources */ = {isa = PBXBuildFile; fileRef = D6FCF02A297F3F2700F3EEF7 /* Assets.xcassets */; };
		D6FCF02E297F3F2700F3EEF7 /* Preview Assets.xcassets in Resources */ = {isa = PBXBuildFile; fileRef = D6FCF02D297F3F2700F3EEF7 /* Preview Assets.xcassets */; };
		D6FCF038297F3F2800F3EEF7 /* JailedCementTests.swift in Sources */ = {isa = PBXBuildFile; fileRef = D6FCF037297F3F2800F3EEF7 /* JailedCementTests.swift */; };
		D6FCF042297F3F2800F3EEF7 /* JailedCementUITests.swift in Sources */ = {isa = PBXBuildFile; fileRef = D6FCF041297F3F2800F3EEF7 /* JailedCementUITests.swift */; };
		D6FCF044297F3F2800F3EEF7 /* JailedCementUITestsLaunchTests.swift in Sources */ = {isa = PBXBuildFile; fileRef = D6FCF043297F3F2800F3EEF7 /* JailedCementUITestsLaunchTests.swift */; };
/* End PBXBuildFile section */

/* Begin PBXContainerItemProxy section */
		D6FCF034297F3F2800F3EEF7 /* PBXContainerItemProxy */ = {
			isa = PBXContainerItemProxy;
			containerPortal = D6FCF01B297F3F1E00F3EEF7 /* Project object */;
			proxyType = 1;
			remoteGlobalIDString = D6FCF022297F3F1E00F3EEF7;
			remoteInfo = JailedCement;
		};
		D6FCF03E297F3F2800F3EEF7 /* PBXContainerItemProxy */ = {
			isa = PBXContainerItemProxy;
			containerPortal = D6FCF01B297F3F1E00F3EEF7 /* Project object */;
			proxyType = 1;
			remoteGlobalIDString = D6FCF022297F3F1E00F3EEF7;
			remoteInfo = JailedCement;
		};
/* End PBXContainerItemProxy section */

/* Begin PBXFileReference section */
		D6FCF023297F3F1E00F3EEF7 /* JailedCement.app */ = {isa = PBXFileReference; explicitFileType = wrapper.application; includeInIndex = 0; path = JailedCement.app; sourceTree = BUILT_PRODUCTS_DIR; };
		D6FCF026297F3F1E00F3EEF7 /* JailedCementApp.swift */ = {isa = PBXFileReference; lastKnownFileType = sourcecode.swift; path = JailedCementApp.swift; sourceTree = "<group>"; };
		D6FCF028297F3F1E00F3EEF7 /* ContentView.swift */ = {isa = PBXFileReference; lastKnownFileType = sourcecode.swift; path = ContentView.swift; sourceTree = "<group>"; };
		D6FCF02A297F3F2700F3EEF7 /* Assets.xcassets */ = {isa = PBXFileReference; lastKnownFileType = folder.assetcatalog; path = Assets.xcassets; sourceTree = "<group>"; };
		D6FCF02D297F3F2700F3EEF7 /* Preview Assets.xcassets */ = {isa = PBXFileReference; lastKnownFileType = folder.assetcatalog; path = "Preview Assets.xcassets"; sourceTree = "<group>"; };
		D6FCF033297F3F2700F3EEF7 /* JailedCementTests.xctest */ = {isa = PBXFileReference; explicitFileType = wrapper.cfbundle; includeInIndex = 0; path = JailedCementTests.xctest; sourceTree = BUILT_PRODUCTS_DIR; };
		D6FCF037297F3F2800F3EEF7 /* JailedCementTests.swift */ = {isa = PBXFileReference; lastKnownFileType = sourcecode.swift; path = JailedCementTests.swift; sourceTree = "<group>"; };
		D6FCF03D297F3F2800F3EEF7 /* JailedCementUITests.xctest */ = {isa = PBXFileReference; explicitFileType = wrapper.cfbundle; includeInIndex = 0; path = JailedCementUITests.xctest; sourceTree = BUILT_PRODUCTS_DIR; };
		D6FCF041297F3F2800F3EEF7 /* JailedCementUITests.swift */ = {isa = PBXFileReference; lastKnownFileType = sourcecode.swift; path = JailedCementUITests.swift; sourceTree = "<group>"; };
		D6FCF043297F3F2800F3EEF7 /* JailedCementUITestsLaunchTests.swift */ = {isa = PBXFileReference; lastKnownFileType = sourcecode.swift; path = JailedCementUITestsLaunchTests.swift; sourceTree = "<group>"; };
/* End PBXFileReference section */

/* Begin PBXFrameworksBuildPhase section */
		D6FCF020297F3F1E00F3EEF7 /* Frameworks */ = {
			isa = PBXFrameworksBuildPhase;
			buildActionMask = 2147483647;
			files = (
			);
			runOnlyForDeploymentPostprocessing = 0;
		};
		D6FCF030297F3F2700F3EEF7 /* Frameworks */ = {
			isa = PBXFrameworksBuildPhase;
			buildActionMask = 2147483647;
			files = (
			);
			runOnlyForDeploymentPostprocessing = 0;
		};
		D6FCF03A297F3F2800F3EEF7 /* Frameworks */ = {
			isa = PBXFrameworksBuildPhase;
			buildActionMask = 2147483647;
			files = (
			);
			runOnlyForDeploymentPostprocessing = 0;
		};
/* End PBXFrameworksBuildPhase section */

/* Begin PBXGroup section */
		D6FCF01A297F3F1E00F3EEF7 = {
			isa = PBXGroup;
			children = (
				D6FCF025297F3F1E00F3EEF7 /* JailedCement */,
				D6FCF036297F3F2800F3EEF7 /* JailedCementTests */,
				D6FCF040297F3F2800F3EEF7 /* JailedCementUITests */,
				D6FCF024297F3F1E00F3EEF7 /* Products */,
			);
			sourceTree = "<group>";
		};
		D6FCF024297F3F1E00F3EEF7 /* Products */ = {
			isa = PBXGroup;
			children = (
				D6FCF023297F3F1E00F3EEF7 /* JailedCement.app */,
				D6FCF033297F3F2700F3EEF7 /* JailedCementTests.xctest */,
				D6FCF03D297F3F2800F3EEF7 /* JailedCementUITests.xctest */,
			);
			name = Products;
			sourceTree = "<group>";
		};
		D6FCF025297F3F1E00F3EEF7 /* JailedCement */ = {
			isa = PBXGroup;
			children = (
				D6FCF026297F3F1E00F3EEF7 /* JailedCementApp.swift */,
				D6FCF028297F3F1E00F3EEF7 /* ContentView.swift */,
				D6FCF02A297F3F2700F3EEF7 /* Assets.xcassets */,
				D6FCF02C297F3F2700F3EEF7 /* Preview Content */,
			);
			path = JailedCement;
			sourceTree = "<group>";
		};
		D6FCF02C297F3F2700F3EEF7 /* Preview Content */ = {
			isa = PBXGroup;
			children = (
				D6FCF02D297F3F2700F3EEF7 /* Preview Assets.xcassets */,
			);
			path = "Preview Content";
			sourceTree = "<group>";
		};
		D6FCF036297F3F2800F3EEF7 /* JailedCementTests */ = {
			isa = PBXGroup;
			children = (
				D6FCF037297F3F2800F3EEF7 /* JailedCementTests.swift */,
			);
			path = JailedCementTests;
			sourceTree = "<group>";
		};
		D6FCF040297F3F2800F3EEF7 /* JailedCementUITests */ = {
			isa = PBXGroup;
			children = (
				D6FCF041297F3F2800F3EEF7 /* JailedCementUITests.swift */,
				D6FCF043297F3F2800F3EEF7 /* JailedCementUITestsLaunchTests.swift */,
			);
			path = JailedCementUITests;
			sourceTree = "<group>";
		};
/* End PBXGroup section */

/* Begin PBXNativeTarget section */
		D6FCF022297F3F1E00F3EEF7 /* JailedCement */ = {
			isa = PBXNativeTarget;
			buildConfigurationList = D6FCF047297F3F2800F3EEF7 /* Build configuration list for PBXNativeTarget "JailedCement" */;
			buildPhases = (
				D6FCF01F297F3F1E00F3EEF7 /* Sources */,
				D6FCF020297F3F1E00F3EEF7 /* Frameworks */,
				D6FCF021297F3F1E00F3EEF7 /* Resources */,
			);
			buildRules = (
			);
			dependencies = (
			);
			name = JailedCement;
			productName = JailedCement;
			productReference = D6FCF023297F3F1E00F3EEF7 /* JailedCement.app */;
			productType = "com.apple.product-type.application";
		};
		D6FCF032297F3F2700F3EEF7 /* JailedCementTests */ = {
			isa = PBXNativeTarget;
			buildConfigurationList = D6FCF04A297F3F2800F3EEF7 /* Build configuration list for PBXNativeTarget "JailedCementTests" */;
			buildPhases = (
				D6FCF02F297F3F2700F3EEF7 /* Sources */,
				D6FCF030297F3F2700F3EEF7 /* Frameworks */,
				D6FCF031297F3F2700F3EEF7 /* Resources */,
			);
			buildRules = (
			);
			dependencies = (
				D6FCF035297F3F2800F3EEF7 /* PBXTargetDependency */,
			);
			name = JailedCementTests;
			productName = JailedCementTests;
			productReference = D6FCF033297F3F2700F3EEF7 /* JailedCementTests.xctest */;
			productType = "com.apple.product-type.bundle.unit-test";
		};
		D6FCF03C297F3F2800F3EEF7 /* JailedCementUITests */ = {
			isa = PBXNativeTarget;
			buildConfigurationList = D6FCF04D297F3F2800F3EEF7 /* Build configuration list for PBXNativeTarget "JailedCementUITests" */;
			buildPhases = (
				D6FCF039297F3F2800F3EEF7 /* Sources */,
				D6FCF03A297F3F2800F3EEF7 /* Frameworks */,
				D6FCF03B297F3F2800F3EEF7 /* Resources */,
			);
			buildRules = (
			);
			dependencies = (
				D6FCF03F297F3F2800F3EEF7 /* PBXTargetDependency */,
			);
			name = JailedCementUITests;
			productName = JailedCementUITests;
			productReference = D6FCF03D297F3F2800F3EEF7 /* JailedCementUITests.xctest */;
			productType = "com.apple.product-type.bundle.ui-testing";
		};
/* End PBXNativeTarget section */

/* Begin PBXProject section */
		D6FCF01B297F3F1E00F3EEF7 /* Project object */ = {
			isa = PBXProject;
			attributes = {
				BuildIndependentTargetsInParallel = 1;
				LastSwiftUpdateCheck = 1410;
				LastUpgradeCheck = 1410;
				TargetAttributes = {
					D6FCF022297F3F1E00F3EEF7 = {
						CreatedOnToolsVersion = 14.1;
					};
					D6FCF032297F3F2700F3EEF7 = {
						CreatedOnToolsVersion = 14.1;
						TestTargetID = D6FCF022297F3F1E00F3EEF7;
					};
					D6FCF03C297F3F2800F3EEF7 = {
						CreatedOnToolsVersion = 14.1;
						TestTargetID = D6FCF022297F3F1E00F3EEF7;
					};
				};
			};
			buildConfigurationList = D6FCF01E297F3F1E00F3EEF7 /* Build configuration list for PBXProject "JailedCement" */;
			compatibilityVersion = "Xcode 14.0";
			developmentRegion = en;
			hasScannedForEncodings = 0;
			knownRegions = (
				en,
				Base,
			);
			mainGroup = D6FCF01A297F3F1E00F3EEF7;
			productRefGroup = D6FCF024297F3F1E00F3EEF7 /* Products */;
			projectDirPath = "";
			projectRoot = "";
			targets = (
				D6FCF022297F3F1E00F3EEF7 /* JailedCement */,
				D6FCF032297F3F2700F3EEF7 /* JailedCementTests */,
				D6FCF03C297F3F2800F3EEF7 /* JailedCementUITests */,
			);
		};
/* End PBXProject section */

/* Begin PBXResourcesBuildPhase section */
		D6FCF021297F3F1E00F3EEF7 /* Resources */ = {
			isa = PBXResourcesBuildPhase;
			buildActionMask = 2147483647;
			files = (
				D6FCF02E297F3F2700F3EEF7 /* Preview Assets.xcassets in Resources */,
				D6FCF02B297F3F2700F3EEF7 /* Assets.xcassets in Resources */,
			);
			runOnlyForDeploymentPostprocessing = 0;
		};
		D6FCF031297F3F2700F3EEF7 /* Resources */ = {
			isa = PBXResourcesBuildPhase;
			buildActionMask = 2147483647;
			files = (
			);
			runOnlyForDeploymentPostprocessing = 0;
		};
		D6FCF03B297F3F2800F3EEF7 /* Resources */ = {
			isa = PBXResourcesBuildPhase;
			buildActionMask = 2147483647;
			files = (
			);
			runOnlyForDeploymentPostprocessing = 0;
		};
/* End PBXResourcesBuildPhase section */

/* Begin PBXSourcesBuildPhase section */
		D6FCF01F297F3F1E00F3EEF7 /* Sources */ = {
			isa = PBXSourcesBuildPhase;
			buildActionMask = 2147483647;
			files = (
				D6FCF029297F3F1E00F3EEF7 /* ContentView.swift in Sources */,
				D6FCF027297F3F1E00F3EEF7 /* JailedCementApp.swift in Sources */,
			);
			runOnlyForDeploymentPostprocessing = 0;
		};
		D6FCF02F297F3F2700F3EEF7 /* Sources */ = {
			isa = PBXSourcesBuildPhase;
			buildActionMask = 2147483647;
			files = (
				D6FCF038297F3F2800F3EEF7 /* JailedCementTests.swift in Sources */,
			);
			runOnlyForDeploymentPostprocessing = 0;
		};
		D6FCF039297F3F2800F3EEF7 /* Sources */ = {
			isa = PBXSourcesBuildPhase;
			buildActionMask = 2147483647;
			files = (
				D6FCF042297F3F2800F3EEF7 /* JailedCementUITests.swift in Sources */,
				D6FCF044297F3F2800F3EEF7 /* JailedCementUITestsLaunchTests.swift in Sources */,
			);
			runOnlyForDeploymentPostprocessing = 0;
		};
/* End PBXSourcesBuildPhase section */

/* Begin PBXTargetDependency section */
		D6FCF035297F3F2800F3EEF7 /* PBXTargetDependency */ = {
			isa = PBXTargetDependency;
			target = D6FCF022297F3F1E00F3EEF7 /* JailedCement */;
			targetProxy = D6FCF034297F3F2800F3EEF7 /* PBXContainerItemProxy */;
		};
		D6FCF03F297F3F2800F3EEF7 /* PBXTargetDependency */ = {
			isa = PBXTargetDependency;
			target = D6FCF022297F3F1E00F3EEF7 /* JailedCement */;
			targetProxy = D6FCF03E297F3F2800F3EEF7 /* PBXContainerItemProxy */;
		};
/* End PBXTargetDependency section */

/* Begin XCBuildConfiguration section */
		D6FCF045297F3F2800F3EEF7 /* Debug */ = {
			isa = XCBuildConfiguration;
			buildSettings = {
				ALWAYS_SEARCH_USER_PATHS = NO;
				CLANG_ANALYZER_NONNULL = YES;
				CLANG_ANALYZER_NUMBER_OBJECT_CONVERSION = YES_AGGRESSIVE;
				CLANG_CXX_LANGUAGE_STANDARD = "gnu++20";
				CLANG_ENABLE_MODULES = YES;
				CLANG_ENABLE_OBJC_ARC = YES;
				CLANG_ENABLE_OBJC_WEAK = YES;
				CLANG_WARN_BLOCK_CAPTURE_AUTORELEASING = YES;
				CLANG_WARN_BOOL_CONVERSION = YES;
				CLANG_WARN_COMMA = YES;
				CLANG_WARN_CONSTANT_CONVERSION = YES;
				CLANG_WARN_DEPRECATED_OBJC_IMPLEMENTATIONS = YES;
				CLANG_WARN_DIRECT_OBJC_ISA_USAGE = YES_ERROR;
				CLANG_WARN_DOCUMENTATION_COMMENTS = YES;
				CLANG_WARN_EMPTY_BODY = YES;
				CLANG_WARN_ENUM_CONVERSION = YES;
				CLANG_WARN_INFINITE_RECURSION = YES;
				CLANG_WARN_INT_CONVERSION = YES;
				CLANG_WARN_NON_LITERAL_NULL_CONVERSION = YES;
				CLANG_WARN_OBJC_IMPLICIT_RETAIN_SELF = YES;
				CLANG_WARN_OBJC_LITERAL_CONVERSION = YES;
				CLANG_WARN_OBJC_ROOT_CLASS = YES_ERROR;
				CLANG_WARN_QUOTED_INCLUDE_IN_FRAMEWORK_HEADER = YES;
				CLANG_WARN_RANGE_LOOP_ANALYSIS = YES;
				CLANG_WARN_STRICT_PROTOTYPES = YES;
				CLANG_WARN_SUSPICIOUS_MOVE = YES;
				CLANG_WARN_UNGUARDED_AVAILABILITY = YES_AGGRESSIVE;
				CLANG_WARN_UNREACHABLE_CODE = YES;
				CLANG_WARN__DUPLICATE_METHOD_MATCH = YES;
				COPY_PHASE_STRIP = NO;
				DEBUG_INFORMATION_FORMAT = dwarf;
				ENABLE_STRICT_OBJC_MSGSEND = YES;
				ENABLE_TESTABILITY = YES;
				GCC_C_LANGUAGE_STANDARD = gnu11;
				GCC_DYNAMIC_NO_PIC = NO;
				GCC_NO_COMMON_BLOCKS = YES;
				GCC_OPTIMIZATION_LEVEL = 0;
				GCC_PREPROCESSOR_DEFINITIONS = (
					"DEBUG=1",
					"$(inherited)",
				);
				GCC_WARN_64_TO_32_BIT_CONVERSION = YES;
				GCC_WARN_ABOUT_RETURN_TYPE = YES_ERROR;
				GCC_WARN_UNDECLARED_SELECTOR = YES;
				GCC_WARN_UNINITIALIZED_AUTOS = YES_AGGRESSIVE;
				GCC_WARN_UNUSED_FUNCTION = YES;
				GCC_WARN_UNUSED_VARIABLE = YES;
				IPHONEOS_DEPLOYMENT_TARGET = 16.1;
				MTL_ENABLE_DEBUG_INFO = INCLUDE_SOURCE;
				MTL_FAST_MATH = YES;
				ONLY_ACTIVE_ARCH = YES;
				SDKROOT = iphoneos;
				SWIFT_ACTIVE_COMPILATION_CONDITIONS = DEBUG;
				SWIFT_OPTIMIZATION_LEVEL = "-Onone";
			};
			name = Debug;
		};
		D6FCF046297F3F2800F3EEF7 /* Release */ = {
			isa = XCBuildConfiguration;
			buildSettings = {
				ALWAYS_SEARCH_USER_PATHS = NO;
				CLANG_ANALYZER_NONNULL = YES;
				CLANG_ANALYZER_NUMBER_OBJECT_CONVERSION = YES_AGGRESSIVE;
				CLANG_CXX_LANGUAGE_STANDARD = "gnu++20";
				CLANG_ENABLE_MODULES = YES;
				CLANG_ENABLE_OBJC_ARC = YES;
				CLANG_ENABLE_OBJC_WEAK = YES;
				CLANG_WARN_BLOCK_CAPTURE_AUTORELEASING = YES;
				CLANG_WARN_BOOL_CONVERSION = YES;
				CLANG_WARN_COMMA = YES;
				CLANG_WARN_CONSTANT_CONVERSION = YES;
				CLANG_WARN_DEPRECATED_OBJC_IMPLEMENTATIONS = YES;
				CLANG_WARN_DIRECT_OBJC_ISA_USAGE = YES_ERROR;
				CLANG_WARN_DOCUMENTATION_COMMENTS = YES;
				CLANG_WARN_EMPTY_BODY = YES;
				CLANG_WARN_ENUM_CONVERSION = YES;
				CLANG_WARN_INFINITE_RECURSION = YES;
				CLANG_WARN_INT_CONVERSION = YES;
				CLANG_WARN_NON_LITERAL_NULL_CONVERSION = YES;
				CLANG_WARN_OBJC_IMPLICIT_RETAIN_SELF = YES;
				CLANG_WARN_OBJC_LITERAL_CONVERSION = YES;
				CLANG_WARN_OBJC_ROOT_CLASS = YES_ERROR;
				CLANG_WARN_QUOTED_INCLUDE_IN_FRAMEWORK_HEADER = YES;
				CLANG_WARN_RANGE_LOOP_ANALYSIS = YES;
				CLANG_WARN_STRICT_PROTOTYPES = YES;
				CLANG_WARN_SUSPICIOUS_MOVE = YES;
				CLANG_WARN_UNGUARDED_AVAILABILITY = YES_AGGRESSIVE;
				CLANG_WARN_UNREACHABLE_CODE = YES;
				CLANG_WARN__DUPLICATE_METHOD_MATCH = YES;
				COPY_PHASE_STRIP = NO;
				DEBUG_INFORMATION_FORMAT = "dwarf-with-dsym";
				ENABLE_NS_ASSERTIONS = NO;
				ENABLE_STRICT_OBJC_MSGSEND = YES;
				GCC_C_LANGUAGE_STANDARD = gnu11;
				GCC_NO_COMMON_BLOCKS = YES;
				GCC_WARN_64_TO_32_BIT_CONVERSION = YES;
				GCC_WARN_ABOUT_RETURN_TYPE = YES_ERROR;
				GCC_WARN_UNDECLARED_SELECTOR = YES;
				GCC_WARN_UNINITIALIZED_AUTOS = YES_AGGRESSIVE;
				GCC_WARN_UNUSED_FUNCTION = YES;
				GCC_WARN_UNUSED_VARIABLE = YES;
				IPHONEOS_DEPLOYMENT_TARGET = 16.1;
				MTL_ENABLE_DEBUG_INFO = NO;
				MTL_FAST_MATH = YES;
				SDKROOT = iphoneos;
				SWIFT_COMPILATION_MODE = wholemodule;
				SWIFT_OPTIMIZATION_LEVEL = "-O";
				VALIDATE_PRODUCT = YES;
			};
			name = Release;
		};
		D6FCF048297F3F2800F3EEF7 /* Debug */ = {
			isa = XCBuildConfiguration;
			buildSettings = {
				ASSETCATALOG_COMPILER_APPICON_NAME = AppIcon;
				ASSETCATALOG_COMPILER_GLOBAL_ACCENT_COLOR_NAME = AccentColor;
				CODE_SIGN_STYLE = Automatic;
				CURRENT_PROJECT_VERSION = 1;
				DEVELOPMENT_ASSET_PATHS = "\"JailedCement/Preview Content\"";
				ENABLE_PREVIEWS = YES;
				GENERATE_INFOPLIST_FILE = YES;
				INFOPLIST_KEY_UIApplicationSceneManifest_Generation = YES;
				INFOPLIST_KEY_UIApplicationSupportsIndirectInputEvents = YES;
				INFOPLIST_KEY_UILaunchScreen_Generation = YES;
				INFOPLIST_KEY_UISupportedInterfaceOrientations_iPad = "UIInterfaceOrientationPortrait UIInterfaceOrientationPortraitUpsideDown UIInterfaceOrientationLandscapeLeft UIInterfaceOrientationLandscapeRight";
				INFOPLIST_KEY_UISupportedInterfaceOrientations_iPhone = "UIInterfaceOrientationPortrait UIInterfaceOrientationLandscapeLeft UIInterfaceOrientationLandscapeRight";
				LD_RUNPATH_SEARCH_PATHS = (
					"$(inherited)",
					"@executable_path/Frameworks",
				);
				MARKETING_VERSION = 1.0;
				PRODUCT_BUNDLE_IDENTIFIER = ca.bomberfish.JailedCement;
				PRODUCT_NAME = "$(TARGET_NAME)";
				SWIFT_EMIT_LOC_STRINGS = YES;
				SWIFT_VERSION = 5.0;
				TARGETED_DEVICE_FAMILY = "1,2";
			};
			name = Debug;
		};
		D6FCF049297F3F2800F3EEF7 /* Release */ = {
			isa = XCBuildConfiguration;
			buildSettings = {
				ASSETCATALOG_COMPILER_APPICON_NAME = AppIcon;
				ASSETCATALOG_COMPILER_GLOBAL_ACCENT_COLOR_NAME = AccentColor;
				CODE_SIGN_STYLE = Automatic;
				CURRENT_PROJECT_VERSION = 1;
				DEVELOPMENT_ASSET_PATHS = "\"JailedCement/Preview Content\"";
				ENABLE_PREVIEWS = YES;
				GENERATE_INFOPLIST_FILE = YES;
				INFOPLIST_KEY_UIApplicationSceneManifest_Generation = YES;
				INFOPLIST_KEY_UIApplicationSupportsIndirectInputEvents = YES;
				INFOPLIST_KEY_UILaunchScreen_Generation = YES;
				INFOPLIST_KEY_UISupportedInterfaceOrientations_iPad = "UIInterfaceOrientationPortrait UIInterfaceOrientationPortraitUpsideDown UIInterfaceOrientationLandscapeLeft UIInterfaceOrientationLandscapeRight";
				INFOPLIST_KEY_UISupportedInterfaceOrientations_iPhone = "UIInterfaceOrientationPortrait UIInterfaceOrientationLandscapeLeft UIInterfaceOrientationLandscapeRight";
				LD_RUNPATH_SEARCH_PATHS = (
					"$(inherited)",
					"@executable_path/Frameworks",
				);
				MARKETING_VERSION = 1.0;
				PRODUCT_BUNDLE_IDENTIFIER = ca.bomberfish.JailedCement;
				PRODUCT_NAME = "$(TARGET_NAME)";
				SWIFT_EMIT_LOC_STRINGS = YES;
				SWIFT_VERSION = 5.0;
				TARGETED_DEVICE_FAMILY = "1,2";
			};
			name = Release;
		};
		D6FCF04B297F3F2800F3EEF7 /* Debug */ = {
			isa = XCBuildConfiguration;
			buildSettings = {
				ALWAYS_EMBED_SWIFT_STANDARD_LIBRARIES = YES;
				BUNDLE_LOADER = "$(TEST_HOST)";
				CODE_SIGN_STYLE = Automatic;
				CURRENT_PROJECT_VERSION = 1;
				GENERATE_INFOPLIST_FILE = YES;
				IPHONEOS_DEPLOYMENT_TARGET = 16.1;
				MARKETING_VERSION = 1.0;
				PRODUCT_BUNDLE_IDENTIFIER = ca.bomberfish.JailedCementTests;
				PRODUCT_NAME = "$(TARGET_NAME)";
				SWIFT_EMIT_LOC_STRINGS = NO;
				SWIFT_VERSION = 5.0;
				TARGETED_DEVICE_FAMILY = "1,2";
				TEST_HOST = "$(BUILT_PRODUCTS_DIR)/JailedCement.app/$(BUNDLE_EXECUTABLE_FOLDER_PATH)/JailedCement";
			};
			name = Debug;
		};
		D6FCF04C297F3F2800F3EEF7 /* Release */ = {
			isa = XCBuildConfiguration;
			buildSettings = {
				ALWAYS_EMBED_SWIFT_STANDARD_LIBRARIES = YES;
				BUNDLE_LOADER = "$(TEST_HOST)";
				CODE_SIGN_STYLE = Automatic;
				CURRENT_PROJECT_VERSION = 1;
				GENERATE_INFOPLIST_FILE = YES;
				IPHONEOS_DEPLOYMENT_TARGET = 16.1;
				MARKETING_VERSION = 1.0;
				PRODUCT_BUNDLE_IDENTIFIER = ca.bomberfish.JailedCementTests;
				PRODUCT_NAME = "$(TARGET_NAME)";
				SWIFT_EMIT_LOC_STRINGS = NO;
				SWIFT_VERSION = 5.0;
				TARGETED_DEVICE_FAMILY = "1,2";
				TEST_HOST = "$(BUILT_PRODUCTS_DIR)/JailedCement.app/$(BUNDLE_EXECUTABLE_FOLDER_PATH)/JailedCement";
			};
			name = Release;
		};
		D6FCF04E297F3F2800F3EEF7 /* Debug */ = {
			isa = XCBuildConfiguration;
			buildSettings = {
				ALWAYS_EMBED_SWIFT_STANDARD_LIBRARIES = YES;
				CODE_SIGN_STYLE = Automatic;
				CURRENT_PROJECT_VERSION = 1;
				GENERATE_INFOPLIST_FILE = YES;
				MARKETING_VERSION = 1.0;
				PRODUCT_BUNDLE_IDENTIFIER = ca.bomberfish.JailedCementUITests;
				PRODUCT_NAME = "$(TARGET_NAME)";
				SWIFT_EMIT_LOC_STRINGS = NO;
				SWIFT_VERSION = 5.0;
				TARGETED_DEVICE_FAMILY = "1,2";
				TEST_TARGET_NAME = JailedCement;
			};
			name = Debug;
		};
		D6FCF04F297F3F2800F3EEF7 /* Release */ = {
			isa = XCBuildConfiguration;
			buildSettings = {
				ALWAYS_EMBED_SWIFT_STANDARD_LIBRARIES = YES;
				CODE_SIGN_STYLE = Automatic;
				CURRENT_PROJECT_VERSION = 1;
				GENERATE_INFOPLIST_FILE = YES;
				MARKETING_VERSION = 1.0;
				PRODUCT_BUNDLE_IDENTIFIER = ca.bomberfish.JailedCementUITests;
				PRODUCT_NAME = "$(TARGET_NAME)";
				SWIFT_EMIT_LOC_STRINGS = NO;
				SWIFT_VERSION = 5.0;
				TARGETED_DEVICE_FAMILY = "1,2";
				TEST_TARGET_NAME = JailedCement;
			};
			name = Release;
		};
/* End XCBuildConfiguration section */

/* Begin XCConfigurationList section */
		D6FCF01E297F3F1E00F3EEF7 /* Build configuration list for PBXProject "JailedCement" */ = {
			isa = XCConfigurationList;
			buildConfigurations = (
				D6FCF045297F3F2800F3EEF7 /* Debug */,
				D6FCF046297F3F2800F3EEF7 /* Release */,
			);
			defaultConfigurationIsVisible = 0;
			defaultConfigurationName = Release;
		};
		D6FCF047297F3F2800F3EEF7 /* Build configuration list for PBXNativeTarget "JailedCement" */ = {
			isa = XCConfigurationList;
			buildConfigurations = (
				D6FCF048297F3F2800F3EEF7 /* Debug */,
				D6FCF049297F3F2800F3EEF7 /* Release */,
			);
			defaultConfigurationIsVisible = 0;
			defaultConfigurationName = Release;
		};
		D6FCF04A297F3F2800F3EEF7 /* Build configuration list for PBXNativeTarget "JailedCementTests" */ = {
			isa = XCConfigurationList;
			buildConfigurations = (
				D6FCF04B297F3F2800F3EEF7 /* Debug */,
				D6FCF04C297F3F2800F3EEF7 /* Release */,
			);
			defaultConfigurationIsVisible = 0;
			defaultConfigurationName = Release;
		};
		D6FCF04D297F3F2800F3EEF7 /* Build configuration list for PBXNativeTarget "JailedCementUITests" */ = {
			isa = XCConfigurationList;
			buildConfigurations = (
				D6FCF04E297F3F2800F3EEF7 /* Debug */,
				D6FCF04F297F3F2800F3EEF7 /* Release */,
			);
			defaultConfigurationIsVisible = 0;
			defaultConfigurationName = Release;
		};
/* End XCConfigurationList section */
	};
	rootObject = D6FCF01B297F3F1E00F3EEF7 /* Project object */;
}
